
Microsoft Visual Studio Solution File, Format Version 12.00
# Visual Studio Version 16
VisualStudioVersion = 16.0.29324.140
MinimumVisualStudioVersion = 10.0.40219.1
Project("{FAE04EC0-301F-11D3-BF4B-00C04F79EFBC}") = "CyborgWeb", "CyborgWeb\CyborgWeb.csproj", "{5500C06F-43A8-409D-B13F-C535A39FA6AE}"
EndProject
Global
	GlobalSection(SolutionConfigurationPlatforms) = preSolution
		Debug|Any CPU = Debug|Any CPU
		Release|Any CPU = Release|Any CPU
	EndGlobalSection
	GlobalSection(ProjectConfigurationPlatforms) = postSolution
		{5500C06F-43A8-409D-B13F-C535A39FA6AE}.Debug|Any CPU.ActiveCfg = Debug|Any CPU
		{5500C06F-43A8-409D-B13F-C535A39FA6AE}.Debug|Any CPU.Build.0 = Debug|Any CPU
		{5500C06F-43A8-409D-B13F-C535A39FA6AE}.Release|Any CPU.ActiveCfg = Release|Any CPU
		{5500C06F-43A8-409D-B13F-C535A39FA6AE}.Release|Any CPU.Build.0 = Release|Any CPU
	EndGlobalSection
	GlobalSection(SolutionProperties) = preSolution
		HideSolutionNode = FALSE
	EndGlobalSection
	GlobalSection(ExtensibilityGlobals) = postSolution
		SolutionGuid = {D69488BD-BE2E-4D53-8BB9-7DB9A0BF45FA}
	EndGlobalSection
EndGlobal
